<?xml version="1.0" encoding="utf-8"?>
<Project ToolsVersion="4.0" xmlns="http://schemas.microsoft.com/developer/msbuild/2003">
  <ItemGroup>
    <ClInclude Include="CppUtils.h" />
    <ClInclude Include="CppGlobal.h" />
    <ClInclude Include="CppMsgBox.h" />
    <ClInclude Include="CppString.h" />
    <ClInclude Include="CppUtil.h" />
    <ClInclude Include="CppFile.h" />
    <ClInclude Include="CppProperties.h" />
  </ItemGroup>
  <ItemGroup>
    <ClCompile Include="CppMsgBox.cpp" />
    <ClCompile Include="CppString.cpp" />
    <ClCompile Include="CppUtil.cpp" />
    <ClCompile Include="CppFile.cpp" />
    <ClCompile Include="CppProperties.cpp" />
  </ItemGroup>
</Project>